// !$*UTF8*$!
{
	archiveVersion = 1;
	classes = {
	};
	objectVersion = 50;
	objects = {

/* Begin PBXBuildFile section */
		4D4B425E21806D6400A5F5E2 /* CellText.swift in Sources */ = {isa = PBXBuildFile; fileRef = 4D4B425C21806D6400A5F5E2 /* CellText.swift */; };
		4D4B425F21806D6400A5F5E2 /* CellText.xib in Resources */ = {isa = PBXBuildFile; fileRef = 4D4B425D21806D6400A5F5E2 /* CellText.xib */; };
		4D69C484217753D200BCF0F7 /* AppDelegate.swift in Sources */ = {isa = PBXBuildFile; fileRef = 4D69C483217753D200BCF0F7 /* AppDelegate.swift */; };
		4D69C486217753D200BCF0F7 /* ViewController.swift in Sources */ = {isa = PBXBuildFile; fileRef = 4D69C485217753D200BCF0F7 /* ViewController.swift */; };
		4D69C48B217753DB00BCF0F7 /* Assets.xcassets in Resources */ = {isa = PBXBuildFile; fileRef = 4D69C48A217753DB00BCF0F7 /* Assets.xcassets */; };
		4D69C48E217753DB00BCF0F7 /* LaunchScreen.storyboard in Resources */ = {isa = PBXBuildFile; fileRef = 4D69C48C217753DB00BCF0F7 /* LaunchScreen.storyboard */; };
		4D69C4982177546B00BCF0F7 /* GeneralViewController.swift in Sources */ = {isa = PBXBuildFile; fileRef = 4D69C4962177546B00BCF0F7 /* GeneralViewController.swift */; };
		4D69C4992177546B00BCF0F7 /* GeneralViewController.xib in Resources */ = {isa = PBXBuildFile; fileRef = 4D69C4972177546B00BCF0F7 /* GeneralViewController.xib */; };
		4D69C49E2177552400BCF0F7 /* KeyboardsViewController.swift in Sources */ = {isa = PBXBuildFile; fileRef = 4D69C49C2177552400BCF0F7 /* KeyboardsViewController.swift */; };
		4D69C49F2177552400BCF0F7 /* KeyboardsViewController.xib in Resources */ = {isa = PBXBuildFile; fileRef = 4D69C49D2177552400BCF0F7 /* KeyboardsViewController.xib */; };
		4D69C4A32177575E00BCF0F7 /* Keyboard.swift in Sources */ = {isa = PBXBuildFile; fileRef = 4D69C4A22177575E00BCF0F7 /* Keyboard.swift */; };
		4D9458FA217F5AE70077ECB3 /* CellSwitch.swift in Sources */ = {isa = PBXBuildFile; fileRef = 4D9458F8217F5AE70077ECB3 /* CellSwitch.swift */; };
		4D9458FB217F5AE70077ECB3 /* CellSwitch.xib in Resources */ = {isa = PBXBuildFile; fileRef = 4D9458F9217F5AE70077ECB3 /* CellSwitch.xib */; };
/* End PBXBuildFile section */

/* Begin PBXFileReference section */
		4D4B425C21806D6400A5F5E2 /* CellText.swift */ = {isa = PBXFileReference; lastKnownFileType = sourcecode.swift; path = CellText.swift; sourceTree = "<group>"; };
		4D4B425D21806D6400A5F5E2 /* CellText.xib */ = {isa = PBXFileReference; lastKnownFileType = file.xib; path = CellText.xib; sourceTree = "<group>"; };
		4D69C480217753D200BCF0F7 /* TareaKeyboards.app */ = {isa = PBXFileReference; explicitFileType = wrapper.application; includeInIndex = 0; path = TareaKeyboards.app; sourceTree = BUILT_PRODUCTS_DIR; };
		4D69C483217753D200BCF0F7 /* AppDelegate.swift */ = {isa = PBXFileReference; lastKnownFileType = sourcecode.swift; path = AppDelegate.swift; sourceTree = "<group>"; };
		4D69C485217753D200BCF0F7 /* ViewController.swift */ = {isa = PBXFileReference; lastKnownFileType = sourcecode.swift; path = ViewController.swift; sourceTree = "<group>"; };
		4D69C48A217753DB00BCF0F7 /* Assets.xcassets */ = {isa = PBXFileReference; lastKnownFileType = folder.assetcatalog; path = Assets.xcassets; sourceTree = "<group>"; };
		4D69C48D217753DB00BCF0F7 /* Base */ = {isa = PBXFileReference; lastKnownFileType = file.storyboard; name = Base; path = Base.lproj/LaunchScreen.storyboard; sourceTree = "<group>"; };
		4D69C48F217753DB00BCF0F7 /* Info.plist */ = {isa = PBXFileReference; lastKnownFileType = text.plist.xml; path = Info.plist; sourceTree = "<group>"; };
		4D69C4962177546B00BCF0F7 /* GeneralViewController.swift */ = {isa = PBXFileReference; lastKnownFileType = sourcecode.swift; path = GeneralViewController.swift; sourceTree = "<group>"; };
		4D69C4972177546B00BCF0F7 /* GeneralViewController.xib */ = {isa = PBXFileReference; lastKnownFileType = file.xib; path = GeneralViewController.xib; sourceTree = "<group>"; };
		4D69C49C2177552400BCF0F7 /* KeyboardsViewController.swift */ = {isa = PBXFileReference; lastKnownFileType = sourcecode.swift; path = KeyboardsViewController.swift; sourceTree = "<group>"; };
		4D69C49D2177552400BCF0F7 /* KeyboardsViewController.xib */ = {isa = PBXFileReference; lastKnownFileType = file.xib; path = KeyboardsViewController.xib; sourceTree = "<group>"; };
		4D69C4A22177575E00BCF0F7 /* Keyboard.swift */ = {isa = PBXFileReference; lastKnownFileType = sourcecode.swift; path = Keyboard.swift; sourceTree = "<group>"; };
		4D9458F8217F5AE70077ECB3 /* CellSwitch.swift */ = {isa = PBXFileReference; lastKnownFileType = sourcecode.swift; path = CellSwitch.swift; sourceTree = "<group>"; };
		4D9458F9217F5AE70077ECB3 /* CellSwitch.xib */ = {isa = PBXFileReference; lastKnownFileType = file.xib; path = CellSwitch.xib; sourceTree = "<group>"; };
/* End PBXFileReference section */

/* Begin PBXFrameworksBuildPhase section */
		4D69C47D217753D200BCF0F7 /* Frameworks */ = {
			isa = PBXFrameworksBuildPhase;
			buildActionMask = 2147483647;
			files = (
			);
			runOnlyForDeploymentPostprocessing = 0;
		};
/* End PBXFrameworksBuildPhase section */

/* Begin PBXGroup section */
		4D4B425B21806D3800A5F5E2 /* CellText */ = {
			isa = PBXGroup;
			children = (
				4D4B425C21806D6400A5F5E2 /* CellText.swift */,
				4D4B425D21806D6400A5F5E2 /* CellText.xib */,
			);
			path = CellText;
			sourceTree = "<group>";
		};
		4D69C477217753D200BCF0F7 = {
			isa = PBXGroup;
			children = (
				4D69C482217753D200BCF0F7 /* TareaKeyboards */,
				4D69C481217753D200BCF0F7 /* Products */,
			);
			sourceTree = "<group>";
		};
		4D69C481217753D200BCF0F7 /* Products */ = {
			isa = PBXGroup;
			children = (
				4D69C480217753D200BCF0F7 /* TareaKeyboards.app */,
			);
			name = Products;
			sourceTree = "<group>";
		};
		4D69C482217753D200BCF0F7 /* TareaKeyboards */ = {
			isa = PBXGroup;
			children = (
				4D69C4A1217756B800BCF0F7 /* Models */,
				4D69C4A0217756A700BCF0F7 /* Cells */,
				4D69C495217753F900BCF0F7 /* ViewControllers */,
				4D69C483217753D200BCF0F7 /* AppDelegate.swift */,
				4D69C485217753D200BCF0F7 /* ViewController.swift */,
				4D69C48A217753DB00BCF0F7 /* Assets.xcassets */,
				4D69C48C217753DB00BCF0F7 /* LaunchScreen.storyboard */,
				4D69C48F217753DB00BCF0F7 /* Info.plist */,
			);
			path = TareaKeyboards;
			sourceTree = "<group>";
		};
		4D69C495217753F900BCF0F7 /* ViewControllers */ = {
			isa = PBXGroup;
			children = (
				4D69C49B2177549E00BCF0F7 /* KeyboardsViewController */,
				4D69C49A2177547C00BCF0F7 /* GeneralViewController */,
			);
			path = ViewControllers;
			sourceTree = "<group>";
		};
		4D69C49A2177547C00BCF0F7 /* GeneralViewController */ = {
			isa = PBXGroup;
			children = (
				4D69C4972177546B00BCF0F7 /* GeneralViewController.xib */,
				4D69C4962177546B00BCF0F7 /* GeneralViewController.swift */,
			);
			path = GeneralViewController;
			sourceTree = "<group>";
		};
		4D69C49B2177549E00BCF0F7 /* KeyboardsViewController */ = {
			isa = PBXGroup;
			children = (
				4D69C49C2177552400BCF0F7 /* KeyboardsViewController.swift */,
				4D69C49D2177552400BCF0F7 /* KeyboardsViewController.xib */,
			);
			path = KeyboardsViewController;
			sourceTree = "<group>";
		};
		4D69C4A0217756A700BCF0F7 /* Cells */ = {
			isa = PBXGroup;
			children = (
				4D4B425B21806D3800A5F5E2 /* CellText */,
				4D9458F7217F5AAA0077ECB3 /* CellSwitch */,
			);
			path = Cells;
			sourceTree = "<group>";
		};
		4D69C4A1217756B800BCF0F7 /* Models */ = {
			isa = PBXGroup;
			children = (
				4D69C4A22177575E00BCF0F7 /* Keyboard.swift */,
			);
			path = Models;
			sourceTree = "<group>";
		};
		4D9458F7217F5AAA0077ECB3 /* CellSwitch */ = {
			isa = PBXGroup;
			children = (
				4D9458F8217F5AE70077ECB3 /* CellSwitch.swift */,
				4D9458F9217F5AE70077ECB3 /* CellSwitch.xib */,
			);
			path = CellSwitch;
			sourceTree = "<group>";
		};
/* End PBXGroup section */

/* Begin PBXNativeTarget section */
		4D69C47F217753D200BCF0F7 /* TareaKeyboards */ = {
			isa = PBXNativeTarget;
			buildConfigurationList = 4D69C492217753DB00BCF0F7 /* Build configuration list for PBXNativeTarget "TareaKeyboards" */;
			buildPhases = (
				4D69C47C217753D200BCF0F7 /* Sources */,
				4D69C47D217753D200BCF0F7 /* Frameworks */,
				4D69C47E217753D200BCF0F7 /* Resources */,
			);
			buildRules = (
			);
			dependencies = (
			);
			name = TareaKeyboards;
			productName = TareaKeyboards;
			productReference = 4D69C480217753D200BCF0F7 /* TareaKeyboards.app */;
			productType = "com.apple.product-type.application";
		};
/* End PBXNativeTarget section */

/* Begin PBXProject section */
		4D69C478217753D200BCF0F7 /* Project object */ = {
			isa = PBXProject;
			attributes = {
				LastSwiftUpdateCheck = 0930;
				LastUpgradeCheck = 0930;
				ORGANIZATIONNAME = "IGNACIO GALAN DE PINA";
				TargetAttributes = {
					4D69C47F217753D200BCF0F7 = {
						CreatedOnToolsVersion = 9.3;
					};
				};
			};
			buildConfigurationList = 4D69C47B217753D200BCF0F7 /* Build configuration list for PBXProject "TareaKeyboards" */;
			compatibilityVersion = "Xcode 9.3";
			developmentRegion = en;
			hasScannedForEncodings = 0;
			knownRegions = (
				en,
				Base,
			);
			mainGroup = 4D69C477217753D200BCF0F7;
			productRefGroup = 4D69C481217753D200BCF0F7 /* Products */;
			projectDirPath = "";
			projectRoot = "";
			targets = (
				4D69C47F217753D200BCF0F7 /* TareaKeyboards */,
			);
		};
/* End PBXProject section */

/* Begin PBXResourcesBuildPhase section */
		4D69C47E217753D200BCF0F7 /* Resources */ = {
			isa = PBXResourcesBuildPhase;
			buildActionMask = 2147483647;
			files = (
				4D69C48E217753DB00BCF0F7 /* LaunchScreen.storyboard in Resources */,
				4D69C48B217753DB00BCF0F7 /* Assets.xcassets in Resources */,
				4D4B425F21806D6400A5F5E2 /* CellText.xib in Resources */,
				4D69C4992177546B00BCF0F7 /* GeneralViewController.xib in Resources */,
				4D9458FB217F5AE70077ECB3 /* CellSwitch.xib in Resources */,
				4D69C49F2177552400BCF0F7 /* KeyboardsViewController.xib in Resources */,
			);
			runOnlyForDeploymentPostprocessing = 0;
		};
/* End PBXResourcesBuildPhase section */

/* Begin PBXSourcesBuildPhase section */
		4D69C47C217753D200BCF0F7 /* Sources */ = {
			isa = PBXSourcesBuildPhase;
			buildActionMask = 2147483647;
			files = (
				4D69C4982177546B00BCF0F7 /* GeneralViewController.swift in Sources */,
				4D9458FA217F5AE70077ECB3 /* CellSwitch.swift in Sources */,
				4D69C486217753D200BCF0F7 /* ViewController.swift in Sources */,
				4D69C4A32177575E00BCF0F7 /* Keyboard.swift in Sources */,
				4D69C484217753D200BCF0F7 /* AppDelegate.swift in Sources */,
				4D4B425E21806D6400A5F5E2 /* CellText.swift in Sources */,
				4D69C49E2177552400BCF0F7 /* KeyboardsViewController.swift in Sources */,
			);
			runOnlyForDeploymentPostprocessing = 0;
		};
/* End PBXSourcesBuildPhase section */

/* Begin PBXVariantGroup section */
		4D69C48C217753DB00BCF0F7 /* LaunchScreen.storyboard */ = {
			isa = PBXVariantGroup;
			children = (
				4D69C48D217753DB00BCF0F7 /* Base */,
			);
			name = LaunchScreen.storyboard;
			sourceTree = "<group>";
		};
/* End PBXVariantGroup section */

/* Begin XCBuildConfiguration section */
		4D69C490217753DB00BCF0F7 /* Debug */ = {
			isa = XCBuildConfiguration;
			buildSettings = {
				ALWAYS_SEARCH_USER_PATHS = NO;
				CLANG_ANALYZER_NONNULL = YES;
				CLANG_ANALYZER_NUMBER_OBJECT_CONVERSION = YES_AGGRESSIVE;
				CLANG_CXX_LANGUAGE_STANDARD = "gnu++14";
				CLANG_CXX_LIBRARY = "libc++";
				CLANG_ENABLE_MODULES = YES;
				CLANG_ENABLE_OBJC_ARC = YES;
				CLANG_ENABLE_OBJC_WEAK = YES;
				CLANG_WARN_BLOCK_CAPTURE_AUTORELEASING = YES;
				CLANG_WARN_BOOL_CONVERSION = YES;
				CLANG_WARN_COMMA = YES;
				CLANG_WARN_CONSTANT_CONVERSION = YES;
				CLANG_WARN_DEPRECATED_OBJC_IMPLEMENTATIONS = YES;
				CLANG_WARN_DIRECT_OBJC_ISA_USAGE = YES_ERROR;
				CLANG_WARN_DOCUMENTATION_COMMENTS = YES;
				CLANG_WARN_EMPTY_BODY = YES;
				CLANG_WARN_ENUM_CONVERSION = YES;
				CLANG_WARN_INFINITE_RECURSION = YES;
				CLANG_WARN_INT_CONVERSION = YES;
				CLANG_WARN_NON_LITERAL_NULL_CONVERSION = YES;
				CLANG_WARN_OBJC_IMPLICIT_RETAIN_SELF = YES;
				CLANG_WARN_OBJC_LITERAL_CONVERSION = YES;
				CLANG_WARN_OBJC_ROOT_CLASS = YES_ERROR;
				CLANG_WARN_RANGE_LOOP_ANALYSIS = YES;
				CLANG_WARN_STRICT_PROTOTYPES = YES;
				CLANG_WARN_SUSPICIOUS_MOVE = YES;
				CLANG_WARN_UNGUARDED_AVAILABILITY = YES_AGGRESSIVE;
				CLANG_WARN_UNREACHABLE_CODE = YES;
				CLANG_WARN__DUPLICATE_METHOD_MATCH = YES;
				CODE_SIGN_IDENTITY = "iPhone Developer";
				COPY_PHASE_STRIP = NO;
				DEBUG_INFORMATION_FORMAT = dwarf;
				ENABLE_STRICT_OBJC_MSGSEND = YES;
				ENABLE_TESTABILITY = YES;
				GCC_C_LANGUAGE_STANDARD = gnu11;
				GCC_DYNAMIC_NO_PIC = NO;
				GCC_NO_COMMON_BLOCKS = YES;
				GCC_OPTIMIZATION_LEVEL = 0;
				GCC_PREPROCESSOR_DEFINITIONS = (
					"DEBUG=1",
					"$(inherited)",
				);
				GCC_WARN_64_TO_32_BIT_CONVERSION = YES;
				GCC_WARN_ABOUT_RETURN_TYPE = YES_ERROR;
				GCC_WARN_UNDECLARED_SELECTOR = YES;
				GCC_WARN_UNINITIALIZED_AUTOS = YES_AGGRESSIVE;
				GCC_WARN_UNUSED_FUNCTION = YES;
				GCC_WARN_UNUSED_VARIABLE = YES;
				IPHONEOS_DEPLOYMENT_TARGET = 11.3;
				MTL_ENABLE_DEBUG_INFO = YES;
				ONLY_ACTIVE_ARCH = YES;
				SDKROOT = iphoneos;
				SWIFT_ACTIVE_COMPILATION_CONDITIONS = DEBUG;
				SWIFT_OPTIMIZATION_LEVEL = "-Onone";
			};
			name = Debug;
		};
		4D69C491217753DB00BCF0F7 /* Release */ = {
			isa = XCBuildConfiguration;
			buildSettings = {
				ALWAYS_SEARCH_USER_PATHS = NO;
				CLANG_ANALYZER_NONNULL = YES;
				CLANG_ANALYZER_NUMBER_OBJECT_CONVERSION = YES_AGGRESSIVE;
				CLANG_CXX_LANGUAGE_STANDARD = "gnu++14";
				CLANG_CXX_LIBRARY = "libc++";
				CLANG_ENABLE_MODULES = YES;
				CLANG_ENABLE_OBJC_ARC = YES;
				CLANG_ENABLE_OBJC_WEAK = YES;
				CLANG_WARN_BLOCK_CAPTURE_AUTORELEASING = YES;
				CLANG_WARN_BOOL_CONVERSION = YES;
				CLANG_WARN_COMMA = YES;
				CLANG_WARN_CONSTANT_CONVERSION = YES;
				CLANG_WARN_DEPRECATED_OBJC_IMPLEMENTATIONS = YES;
				CLANG_WARN_DIRECT_OBJC_ISA_USAGE = YES_ERROR;
				CLANG_WARN_DOCUMENTATION_COMMENTS = YES;
				CLANG_WARN_EMPTY_BODY = YES;
				CLANG_WARN_ENUM_CONVERSION = YES;
				CLANG_WARN_INFINITE_RECURSION = YES;
				CLANG_WARN_INT_CONVERSION = YES;
				CLANG_WARN_NON_LITERAL_NULL_CONVERSION = YES;
				CLANG_WARN_OBJC_IMPLICIT_RETAIN_SELF = YES;
				CLANG_WARN_OBJC_LITERAL_CONVERSION = YES;
				CLANG_WARN_OBJC_ROOT_CLASS = YES_ERROR;
				CLANG_WARN_RANGE_LOOP_ANALYSIS = YES;
				CLANG_WARN_STRICT_PROTOTYPES = YES;
				CLANG_WARN_SUSPICIOUS_MOVE = YES;
				CLANG_WARN_UNGUARDED_AVAILABILITY = YES_AGGRESSIVE;
				CLANG_WARN_UNREACHABLE_CODE = YES;
				CLANG_WARN__DUPLICATE_METHOD_MATCH = YES;
				CODE_SIGN_IDENTITY = "iPhone Developer";
				COPY_PHASE_STRIP = NO;
				DEBUG_INFORMATION_FORMAT = "dwarf-with-dsym";
				ENABLE_NS_ASSERTIONS = NO;
				ENABLE_STRICT_OBJC_MSGSEND = YES;
				GCC_C_LANGUAGE_STANDARD = gnu11;
				GCC_NO_COMMON_BLOCKS = YES;
				GCC_WARN_64_TO_32_BIT_CONVERSION = YES;
				GCC_WARN_ABOUT_RETURN_TYPE = YES_ERROR;
				GCC_WARN_UNDECLARED_SELECTOR = YES;
				GCC_WARN_UNINITIALIZED_AUTOS = YES_AGGRESSIVE;
				GCC_WARN_UNUSED_FUNCTION = YES;
				GCC_WARN_UNUSED_VARIABLE = YES;
				IPHONEOS_DEPLOYMENT_TARGET = 11.3;
				MTL_ENABLE_DEBUG_INFO = NO;
				SDKROOT = iphoneos;
				SWIFT_COMPILATION_MODE = wholemodule;
				SWIFT_OPTIMIZATION_LEVEL = "-O";
				VALIDATE_PRODUCT = YES;
			};
			name = Release;
		};
		4D69C493217753DB00BCF0F7 /* Debug */ = {
			isa = XCBuildConfiguration;
			buildSettings = {
				ASSETCATALOG_COMPILER_APPICON_NAME = AppIcon;
				CODE_SIGN_STYLE = Automatic;
				INFOPLIST_FILE = TareaKeyboards/Info.plist;
				LD_RUNPATH_SEARCH_PATHS = (
					"$(inherited)",
					"@executable_path/Frameworks",
				);
				PRODUCT_BUNDLE_IDENTIFIER = nacho.TareaKeyboards;
				PRODUCT_NAME = "$(TARGET_NAME)";
				SWIFT_VERSION = 4.0;
				TARGETED_DEVICE_FAMILY = "1,2";
			};
			name = Debug;
		};
		4D69C494217753DB00BCF0F7 /* Release */ = {
			isa = XCBuildConfiguration;
			buildSettings = {
				ASSETCATALOG_COMPILER_APPICON_NAME = AppIcon;
				CODE_SIGN_STYLE = Automatic;
				INFOPLIST_FILE = TareaKeyboards/Info.plist;
				LD_RUNPATH_SEARCH_PATHS = (
					"$(inherited)",
					"@executable_path/Frameworks",
				);
				PRODUCT_BUNDLE_IDENTIFIER = nacho.TareaKeyboards;
				PRODUCT_NAME = "$(TARGET_NAME)";
				SWIFT_VERSION = 4.0;
				TARGETED_DEVICE_FAMILY = "1,2";
			};
			name = Release;
		};
/* End XCBuildConfiguration section */

/* Begin XCConfigurationList section */
		4D69C47B217753D200BCF0F7 /* Build configuration list for PBXProject "TareaKeyboards" */ = {
			isa = XCConfigurationList;
			buildConfigurations = (
				4D69C490217753DB00BCF0F7 /* Debug */,
				4D69C491217753DB00BCF0F7 /* Release */,
			);
			defaultConfigurationIsVisible = 0;
			defaultConfigurationName = Release;
		};
		4D69C492217753DB00BCF0F7 /* Build configuration list for PBXNativeTarget "TareaKeyboards" */ = {
			isa = XCConfigurationList;
			buildConfigurations = (
				4D69C493217753DB00BCF0F7 /* Debug */,
				4D69C494217753DB00BCF0F7 /* Release */,
			);
			defaultConfigurationIsVisible = 0;
			defaultConfigurationName = Release;
		};
/* End XCConfigurationList section */
	};
	rootObject = 4D69C478217753D200BCF0F7 /* Project object */;
}
